<?xml version="1.0" encoding="utf-8"?>
<Project ToolsVersion="4.0" xmlns="http://schemas.microsoft.com/developer/msbuild/2003">
  <ItemGroup>
    <Filter Include="Study">
      <UniqueIdentifier>{4FC737F1-C7A5-4376-A066-2A32D752A2FF}</UniqueIdentifier>
      <Extensions>cpp;c;cc;cxx;c++;cppm;ixx;def;odl;idl;hpj;bat;asm;asmx</Extensions>
    </Filter>
    <Filter Include="Test">
      <UniqueIdentifier>{7b709362-1561-4c83-9ff5-61d6bf7e4133}</UniqueIdentifier>
    </Filter>
    <Filter Include="Test\ComponentTest">
      <UniqueIdentifier>{977e119d-76c5-49f3-946b-7b9ff6d08982}</UniqueIdentifier>
    </Filter>
    <Filter Include="Algorithm">
      <UniqueIdentifier>{f91408e5-7f28-4aba-9d11-23fb30f2ba40}</UniqueIdentifier>
    </Filter>
    <Filter Include="Algorithm\Multi-thread">
      <UniqueIdentifier>{b1df01b8-d0c4-457c-86c4-cd1be43b2402}</UniqueIdentifier>
    </Filter>
    <Filter Include="mySample">
      <UniqueIdentifier>{ad876b40-7979-485a-aeab-c01c5fddecbd}</UniqueIdentifier>
    </Filter>
    <Filter Include="Study\StateMachine">
      <UniqueIdentifier>{ec97a3a4-4efb-485d-ad71-47729407e612}</UniqueIdentifier>
    </Filter>
  </ItemGroup>
  <ItemGroup>
    <ClCompile Include="Concept.cpp">
      <Filter>Study</Filter>
    </ClCompile>
    <ClCompile Include="Noexcept.cpp">
      <Filter>Study</Filter>
    </ClCompile>
    <ClCompile Include="Test_GetClassName.cpp">
      <Filter>Test</Filter>
    </ClCompile>
    <ClCompile Include="FunctionPointer_1.cpp">
      <Filter>Study</Filter>
    </ClCompile>
    <ClCompile Include="delete.cpp">
      <Filter>Study</Filter>
    </ClCompile>
    <ClCompile Include="new_1.cpp">
      <Filter>Study</Filter>
    </ClCompile>
    <ClCompile Include="new_2.cpp">
      <Filter>Study</Filter>
    </ClCompile>
    <ClCompile Include="trycatch_1.cpp">
      <Filter>Study</Filter>
    </ClCompile>
    <ClCompile Include="trycatch_2.cpp">
      <Filter>Study</Filter>
    </ClCompile>
    <ClCompile Include="Lamda_1.cpp">
      <Filter>Study</Filter>
    </ClCompile>
    <ClCompile Include="Lamda_2.cpp">
      <Filter>Study</Filter>
    </ClCompile>
    <ClCompile Include="Lamda_3.cpp">
      <Filter>Study</Filter>
    </ClCompile>
    <ClCompile Include="FunctionPointer_2.cpp">
      <Filter>Study</Filter>
    </ClCompile>
    <ClCompile Include="Component.cpp">
      <Filter>Test\ComponentTest</Filter>
    </ClCompile>
    <ClCompile Include="List.cpp">
      <Filter>Algorithm</Filter>
    </ClCompile>
    <ClCompile Include="Betwize.cpp">
      <Filter>Algorithm</Filter>
    </ClCompile>
    <ClCompile Include="BinarySearchTree.cpp">
      <Filter>Algorithm</Filter>
    </ClCompile>
    <ClCompile Include="mapTest_1.cpp">
      <Filter>Test</Filter>
    </ClCompile>
    <ClCompile Include="StringView.cpp">
      <Filter>Study</Filter>
    </ClCompile>
    <ClCompile Include="Lamda_4.cpp">
      <Filter>Study</Filter>
    </ClCompile>
    <ClCompile Include="MultiThread.cpp">
      <Filter>Algorithm\Multi-thread</Filter>
    </ClCompile>
    <ClCompile Include="ConceptTest.cpp">
      <Filter>Test</Filter>
    </ClCompile>
    <ClCompile Include="Loadcsv_Sample.cpp">
      <Filter>mySample</Filter>
    </ClCompile>
    <ClCompile Include="sort.cpp">
      <Filter>Test</Filter>
    </ClCompile>
    <ClCompile Include="main.cpp">
      <Filter>Study\StateMachine</Filter>
    </ClCompile>
    <ClCompile Include="explicit.cpp">
      <Filter>Study</Filter>
    </ClCompile>
  </ItemGroup>
  <ItemGroup>
    <ClInclude Include="Component.h">
      <Filter>Test\ComponentTest</Filter>
    </ClInclude>
    <ClInclude Include="ComponentTest.h">
      <Filter>Test\ComponentTest</Filter>
    </ClInclude>
    <ClInclude Include="MultiThread.h">
      <Filter>Algorithm\Multi-thread</Filter>
    </ClInclude>
    <ClInclude Include="StateBase.h">
      <Filter>Study\StateMachine</Filter>
    </ClInclude>
    <ClInclude Include="StateMachine.h">
      <Filter>Study\StateMachine</Filter>
    </ClInclude>
  </ItemGroup>
</Project>